
Microsoft Visual Studio Solution File, Format Version 12.00
# Visual Studio 15
Project("{FAE04EC0-301F-11D3-BF4B-00C04F79EFBC}") = "Assembly-CSharp", "Assembly-CSharp.csproj", "{50EE3A3B-0BD2-D9C2-8C52-E2BDF99E907A}"
EndProject
Project("{FAE04EC0-301F-11D3-BF4B-00C04F79EFBC}") = "Assembly-CSharp-firstpass", "Assembly-CSharp-firstpass.csproj", "{B2304FA9-044E-446E-0879-BAB78B1DA9D9}"
EndProject
Global
	GlobalSection(SolutionConfigurationPlatforms) = preSolution
		Debug|Any CPU = Debug|Any CPU
		Release|Any CPU = Release|Any CPU
	EndGlobalSection
	GlobalSection(ProjectConfigurationPlatforms) = postSolution
		{50EE3A3B-0BD2-D9C2-8C52-E2BDF99E907A}.Debug|Any CPU.ActiveCfg = Debug|Any CPU
		{50EE3A3B-0BD2-D9C2-8C52-E2BDF99E907A}.Debug|Any CPU.Build.0 = Debug|Any CPU
		{50EE3A3B-0BD2-D9C2-8C52-E2BDF99E907A}.Release|Any CPU.ActiveCfg = Release|Any CPU
		{50EE3A3B-0BD2-D9C2-8C52-E2BDF99E907A}.Release|Any CPU.Build.0 = Release|Any CPU
		{B2304FA9-044E-446E-0879-BAB78B1DA9D9}.Debug|Any CPU.ActiveCfg = Debug|Any CPU
		{B2304FA9-044E-446E-0879-BAB78B1DA9D9}.Debug|Any CPU.Build.0 = Debug|Any CPU
		{B2304FA9-044E-446E-0879-BAB78B1DA9D9}.Release|Any CPU.ActiveCfg = Release|Any CPU
		{B2304FA9-044E-446E-0879-BAB78B1DA9D9}.Release|Any CPU.Build.0 = Release|Any CPU
	EndGlobalSection
	GlobalSection(SolutionProperties) = preSolution
		HideSolutionNode = FALSE
	EndGlobalSection
EndGlobal
